# This file was autogenerated by Stack.
# You should not edit this file by hand.
# For more information, please see the documentation at:
#   https://docs.haskellstack.org/en/stable/lock_files

packages:
- completed:
    hackage: dunai-0.5.1@sha256:57c84ba6fc63fc339c59a826b4dbb96d634e9ae7c0703112ea31e5366c3d1b81,4531
    pantry-tree:
      size: 2042
      sha256: 6656ed414914a79da42bdb36e8614136f6475b532eb770bb9d1aa7bfdea94daf
  original:
    hackage: dunai-0.5.1
- completed:
    name: QuickCheck
    version: 2.12.7
    git: https://github.com/stevana/quickcheck.git
    pantry-tree:
      size: 2378
      sha256: 0feffb893c5c8fa455587a21360e7369167742d48dab04783ceb610020a9d3dc
    commit: 9ccdcbb3eaad7fe96c08ea5ecbbdfe852615bd49
  original:
    git: https://github.com/stevana/quickcheck.git
    commit: 9ccdcbb3eaad7fe96c08ea5ecbbdfe852615bd49
snapshots:
- completed:
    size: 506080
    url: https://raw.githubusercontent.com/commercialhaskell/stackage-snapshots/master/lts/12/16.yaml
    sha256: 8fb23cad3d4913303229b0ac8eee0b1f244b473dd0406ab3542a914ad9153e8b
  original: lts-12.16
